
Microsoft Visual Studio Solution File, Format Version 12.00
# Visual Studio Version 17
VisualStudioVersion = 17.6.33815.320
MinimumVisualStudioVersion = 10.0.40219.1
Project("{FAE04EC0-301F-11D3-BF4B-00C04F79EFBC}") = "RENTnew", "RENTnew\RENTnew.csproj", "{95AF6001-CBA6-422E-993A-4B9D0DF99241}"
EndProject
Global
	GlobalSection(SolutionConfigurationPlatforms) = preSolution
		Debug|Any CPU = Debug|Any CPU
		Release|Any CPU = Release|Any CPU
	EndGlobalSection
	GlobalSection(ProjectConfigurationPlatforms) = postSolution
		{95AF6001-CBA6-422E-993A-4B9D0DF99241}.Debug|Any CPU.ActiveCfg = Debug|Any CPU
		{95AF6001-CBA6-422E-993A-4B9D0DF99241}.Debug|Any CPU.Build.0 = Debug|Any CPU
		{95AF6001-CBA6-422E-993A-4B9D0DF99241}.Release|Any CPU.ActiveCfg = Release|Any CPU
		{95AF6001-CBA6-422E-993A-4B9D0DF99241}.Release|Any CPU.Build.0 = Release|Any CPU
	EndGlobalSection
	GlobalSection(SolutionProperties) = preSolution
		HideSolutionNode = FALSE
	EndGlobalSection
	GlobalSection(ExtensibilityGlobals) = postSolution
		SolutionGuid = {1B5DB305-7739-407E-834C-8E1EFE2D24FC}
	EndGlobalSection
EndGlobal
